// !$*UTF8*$!
{
	archiveVersion = 1;
	classes = {
	};
	objectVersion = 46;
	objects = {

/* Begin PBXBuildFile section */
		6079FE371E7F7340001FE54A /* AppDelegate.swift in Sources */ = {isa = PBXBuildFile; fileRef = 6079FE361E7F7340001FE54A /* AppDelegate.swift */; };
		6079FE391E7F7340001FE54A /* ViewController.swift in Sources */ = {isa = PBXBuildFile; fileRef = 6079FE381E7F7340001FE54A /* ViewController.swift */; };
		6079FE3C1E7F7340001FE54A /* Main.storyboard in Resources */ = {isa = PBXBuildFile; fileRef = 6079FE3A1E7F7340001FE54A /* Main.storyboard */; };
		6079FE3E1E7F7340001FE54A /* Assets.xcassets in Resources */ = {isa = PBXBuildFile; fileRef = 6079FE3D1E7F7340001FE54A /* Assets.xcassets */; };
		6079FE411E7F7340001FE54A /* LaunchScreen.storyboard in Resources */ = {isa = PBXBuildFile; fileRef = 6079FE3F1E7F7340001FE54A /* LaunchScreen.storyboard */; };
		6079FE4C1E7F7340001FE54A /* tipcalcTests.swift in Sources */ = {isa = PBXBuildFile; fileRef = 6079FE4B1E7F7340001FE54A /* tipcalcTests.swift */; };
		6079FE571E7F7340001FE54A /* tipcalcUITests.swift in Sources */ = {isa = PBXBuildFile; fileRef = 6079FE561E7F7340001FE54A /* tipcalcUITests.swift */; };
/* End PBXBuildFile section */

/* Begin PBXContainerItemProxy section */
		6079FE481E7F7340001FE54A /* PBXContainerItemProxy */ = {
			isa = PBXContainerItemProxy;
			containerPortal = 6079FE2B1E7F733F001FE54A /* Project object */;
			proxyType = 1;
			remoteGlobalIDString = 6079FE321E7F7340001FE54A;
			remoteInfo = tipcalc;
		};
		6079FE531E7F7340001FE54A /* PBXContainerItemProxy */ = {
			isa = PBXContainerItemProxy;
			containerPortal = 6079FE2B1E7F733F001FE54A /* Project object */;
			proxyType = 1;
			remoteGlobalIDString = 6079FE321E7F7340001FE54A;
			remoteInfo = tipcalc;
		};
/* End PBXContainerItemProxy section */

/* Begin PBXFileReference section */
		6079FE331E7F7340001FE54A /* tipcalc.app */ = {isa = PBXFileReference; explicitFileType = wrapper.application; includeInIndex = 0; path = tipcalc.app; sourceTree = BUILT_PRODUCTS_DIR; };
		6079FE361E7F7340001FE54A /* AppDelegate.swift */ = {isa = PBXFileReference; lastKnownFileType = sourcecode.swift; path = AppDelegate.swift; sourceTree = "<group>"; };
		6079FE381E7F7340001FE54A /* ViewController.swift */ = {isa = PBXFileReference; lastKnownFileType = sourcecode.swift; path = ViewController.swift; sourceTree = "<group>"; };
		6079FE3B1E7F7340001FE54A /* Base */ = {isa = PBXFileReference; lastKnownFileType = file.storyboard; name = Base; path = Base.lproj/Main.storyboard; sourceTree = "<group>"; };
		6079FE3D1E7F7340001FE54A /* Assets.xcassets */ = {isa = PBXFileReference; lastKnownFileType = folder.assetcatalog; path = Assets.xcassets; sourceTree = "<group>"; };
		6079FE401E7F7340001FE54A /* Base */ = {isa = PBXFileReference; lastKnownFileType = file.storyboard; name = Base; path = Base.lproj/LaunchScreen.storyboard; sourceTree = "<group>"; };
		6079FE421E7F7340001FE54A /* Info.plist */ = {isa = PBXFileReference; lastKnownFileType = text.plist.xml; path = Info.plist; sourceTree = "<group>"; };
		6079FE471E7F7340001FE54A /* tipcalcTests.xctest */ = {isa = PBXFileReference; explicitFileType = wrapper.cfbundle; includeInIndex = 0; path = tipcalcTests.xctest; sourceTree = BUILT_PRODUCTS_DIR; };
		6079FE4B1E7F7340001FE54A /* tipcalcTests.swift */ = {isa = PBXFileReference; lastKnownFileType = sourcecode.swift; path = tipcalcTests.swift; sourceTree = "<group>"; };
		6079FE4D1E7F7340001FE54A /* Info.plist */ = {isa = PBXFileReference; lastKnownFileType = text.plist.xml; path = Info.plist; sourceTree = "<group>"; };
		6079FE521E7F7340001FE54A /* tipcalcUITests.xctest */ = {isa = PBXFileReference; explicitFileType = wrapper.cfbundle; includeInIndex = 0; path = tipcalcUITests.xctest; sourceTree = BUILT_PRODUCTS_DIR; };
		6079FE561E7F7340001FE54A /* tipcalcUITests.swift */ = {isa = PBXFileReference; lastKnownFileType = sourcecode.swift; path = tipcalcUITests.swift; sourceTree = "<group>"; };
		6079FE581E7F7340001FE54A /* Info.plist */ = {isa = PBXFileReference; lastKnownFileType = text.plist.xml; path = Info.plist; sourceTree = "<group>"; };
/* End PBXFileReference section */

/* Begin PBXFrameworksBuildPhase section */
		6079FE301E7F7340001FE54A /* Frameworks */ = {
			isa = PBXFrameworksBuildPhase;
			buildActionMask = 2147483647;
			files = (
			);
			runOnlyForDeploymentPostprocessing = 0;
		};
		6079FE441E7F7340001FE54A /* Frameworks */ = {
			isa = PBXFrameworksBuildPhase;
			buildActionMask = 2147483647;
			files = (
			);
			runOnlyForDeploymentPostprocessing = 0;
		};
		6079FE4F1E7F7340001FE54A /* Frameworks */ = {
			isa = PBXFrameworksBuildPhase;
			buildActionMask = 2147483647;
			files = (
			);
			runOnlyForDeploymentPostprocessing = 0;
		};
/* End PBXFrameworksBuildPhase section */

/* Begin PBXGroup section */
		6079FE2A1E7F733F001FE54A = {
			isa = PBXGroup;
			children = (
				6079FE351E7F7340001FE54A /* tipcalc */,
				6079FE4A1E7F7340001FE54A /* tipcalcTests */,
				6079FE551E7F7340001FE54A /* tipcalcUITests */,
				6079FE341E7F7340001FE54A /* Products */,
			);
			sourceTree = "<group>";
		};
		6079FE341E7F7340001FE54A /* Products */ = {
			isa = PBXGroup;
			children = (
				6079FE331E7F7340001FE54A /* tipcalc.app */,
				6079FE471E7F7340001FE54A /* tipcalcTests.xctest */,
				6079FE521E7F7340001FE54A /* tipcalcUITests.xctest */,
			);
			name = Products;
			sourceTree = "<group>";
		};
		6079FE351E7F7340001FE54A /* tipcalc */ = {
			isa = PBXGroup;
			children = (
				6079FE361E7F7340001FE54A /* AppDelegate.swift */,
				6079FE381E7F7340001FE54A /* ViewController.swift */,
				6079FE3A1E7F7340001FE54A /* Main.storyboard */,
				6079FE3D1E7F7340001FE54A /* Assets.xcassets */,
				6079FE3F1E7F7340001FE54A /* LaunchScreen.storyboard */,
				6079FE421E7F7340001FE54A /* Info.plist */,
			);
			path = tipcalc;
			sourceTree = "<group>";
		};
		6079FE4A1E7F7340001FE54A /* tipcalcTests */ = {
			isa = PBXGroup;
			children = (
				6079FE4B1E7F7340001FE54A /* tipcalcTests.swift */,
				6079FE4D1E7F7340001FE54A /* Info.plist */,
			);
			path = tipcalcTests;
			sourceTree = "<group>";
		};
		6079FE551E7F7340001FE54A /* tipcalcUITests */ = {
			isa = PBXGroup;
			children = (
				6079FE561E7F7340001FE54A /* tipcalcUITests.swift */,
				6079FE581E7F7340001FE54A /* Info.plist */,
			);
			path = tipcalcUITests;
			sourceTree = "<group>";
		};
/* End PBXGroup section */

/* Begin PBXNativeTarget section */
		6079FE321E7F7340001FE54A /* tipcalc */ = {
			isa = PBXNativeTarget;
			buildConfigurationList = 6079FE5B1E7F7340001FE54A /* Build configuration list for PBXNativeTarget "tipcalc" */;
			buildPhases = (
				6079FE2F1E7F7340001FE54A /* Sources */,
				6079FE301E7F7340001FE54A /* Frameworks */,
				6079FE311E7F7340001FE54A /* Resources */,
			);
			buildRules = (
			);
			dependencies = (
			);
			name = tipcalc;
			productName = tipcalc;
			productReference = 6079FE331E7F7340001FE54A /* tipcalc.app */;
			productType = "com.apple.product-type.application";
		};
		6079FE461E7F7340001FE54A /* tipcalcTests */ = {
			isa = PBXNativeTarget;
			buildConfigurationList = 6079FE5E1E7F7340001FE54A /* Build configuration list for PBXNativeTarget "tipcalcTests" */;
			buildPhases = (
				6079FE431E7F7340001FE54A /* Sources */,
				6079FE441E7F7340001FE54A /* Frameworks */,
				6079FE451E7F7340001FE54A /* Resources */,
			);
			buildRules = (
			);
			dependencies = (
				6079FE491E7F7340001FE54A /* PBXTargetDependency */,
			);
			name = tipcalcTests;
			productName = tipcalcTests;
			productReference = 6079FE471E7F7340001FE54A /* tipcalcTests.xctest */;
			productType = "com.apple.product-type.bundle.unit-test";
		};
		6079FE511E7F7340001FE54A /* tipcalcUITests */ = {
			isa = PBXNativeTarget;
			buildConfigurationList = 6079FE611E7F7340001FE54A /* Build configuration list for PBXNativeTarget "tipcalcUITests" */;
			buildPhases = (
				6079FE4E1E7F7340001FE54A /* Sources */,
				6079FE4F1E7F7340001FE54A /* Frameworks */,
				6079FE501E7F7340001FE54A /* Resources */,
			);
			buildRules = (
			);
			dependencies = (
				6079FE541E7F7340001FE54A /* PBXTargetDependency */,
			);
			name = tipcalcUITests;
			productName = tipcalcUITests;
			productReference = 6079FE521E7F7340001FE54A /* tipcalcUITests.xctest */;
			productType = "com.apple.product-type.bundle.ui-testing";
		};
/* End PBXNativeTarget section */

/* Begin PBXProject section */
		6079FE2B1E7F733F001FE54A /* Project object */ = {
			isa = PBXProject;
			attributes = {
				LastSwiftUpdateCheck = 0820;
				LastUpgradeCheck = 0820;
				ORGANIZATIONNAME = "Luis Rocha";
				TargetAttributes = {
					6079FE321E7F7340001FE54A = {
						CreatedOnToolsVersion = 8.2.1;
						ProvisioningStyle = Automatic;
					};
					6079FE461E7F7340001FE54A = {
						CreatedOnToolsVersion = 8.2.1;
						ProvisioningStyle = Automatic;
						TestTargetID = 6079FE321E7F7340001FE54A;
					};
					6079FE511E7F7340001FE54A = {
						CreatedOnToolsVersion = 8.2.1;
						ProvisioningStyle = Automatic;
						TestTargetID = 6079FE321E7F7340001FE54A;
					};
				};
			};
			buildConfigurationList = 6079FE2E1E7F733F001FE54A /* Build configuration list for PBXProject "tipcalc" */;
			compatibilityVersion = "Xcode 3.2";
			developmentRegion = English;
			hasScannedForEncodings = 0;
			knownRegions = (
				en,
				Base,
			);
			mainGroup = 6079FE2A1E7F733F001FE54A;
			productRefGroup = 6079FE341E7F7340001FE54A /* Products */;
			projectDirPath = "";
			projectRoot = "";
			targets = (
				6079FE321E7F7340001FE54A /* tipcalc */,
				6079FE461E7F7340001FE54A /* tipcalcTests */,
				6079FE511E7F7340001FE54A /* tipcalcUITests */,
			);
		};
/* End PBXProject section */

/* Begin PBXResourcesBuildPhase section */
		6079FE311E7F7340001FE54A /* Resources */ = {
			isa = PBXResourcesBuildPhase;
			buildActionMask = 2147483647;
			files = (
				6079FE411E7F7340001FE54A /* LaunchScreen.storyboard in Resources */,
				6079FE3E1E7F7340001FE54A /* Assets.xcassets in Resources */,
				6079FE3C1E7F7340001FE54A /* Main.storyboard in Resources */,
			);
			runOnlyForDeploymentPostprocessing = 0;
		};
		6079FE451E7F7340001FE54A /* Resources */ = {
			isa = PBXResourcesBuildPhase;
			buildActionMask = 2147483647;
			files = (
			);
			runOnlyForDeploymentPostprocessing = 0;
		};
		6079FE501E7F7340001FE54A /* Resources */ = {
			isa = PBXResourcesBuildPhase;
			buildActionMask = 2147483647;
			files = (
			);
			runOnlyForDeploymentPostprocessing = 0;
		};
/* End PBXResourcesBuildPhase section */

/* Begin PBXSourcesBuildPhase section */
		6079FE2F1E7F7340001FE54A /* Sources */ = {
			isa = PBXSourcesBuildPhase;
			buildActionMask = 2147483647;
			files = (
				6079FE391E7F7340001FE54A /* ViewController.swift in Sources */,
				6079FE371E7F7340001FE54A /* AppDelegate.swift in Sources */,
			);
			runOnlyForDeploymentPostprocessing = 0;
		};
		6079FE431E7F7340001FE54A /* Sources */ = {
			isa = PBXSourcesBuildPhase;
			buildActionMask = 2147483647;
			files = (
				6079FE4C1E7F7340001FE54A /* tipcalcTests.swift in Sources */,
			);
			runOnlyForDeploymentPostprocessing = 0;
		};
		6079FE4E1E7F7340001FE54A /* Sources */ = {
			isa = PBXSourcesBuildPhase;
			buildActionMask = 2147483647;
			files = (
				6079FE571E7F7340001FE54A /* tipcalcUITests.swift in Sources */,
			);
			runOnlyForDeploymentPostprocessing = 0;
		};
/* End PBXSourcesBuildPhase section */

/* Begin PBXTargetDependency section */
		6079FE491E7F7340001FE54A /* PBXTargetDependency */ = {
			isa = PBXTargetDependency;
			target = 6079FE321E7F7340001FE54A /* tipcalc */;
			targetProxy = 6079FE481E7F7340001FE54A /* PBXContainerItemProxy */;
		};
		6079FE541E7F7340001FE54A /* PBXTargetDependency */ = {
			isa = PBXTargetDependency;
			target = 6079FE321E7F7340001FE54A /* tipcalc */;
			targetProxy = 6079FE531E7F7340001FE54A /* PBXContainerItemProxy */;
		};
/* End PBXTargetDependency section */

/* Begin PBXVariantGroup section */
		6079FE3A1E7F7340001FE54A /* Main.storyboard */ = {
			isa = PBXVariantGroup;
			children = (
				6079FE3B1E7F7340001FE54A /* Base */,
			);
			name = Main.storyboard;
			sourceTree = "<group>";
		};
		6079FE3F1E7F7340001FE54A /* LaunchScreen.storyboard */ = {
			isa = PBXVariantGroup;
			children = (
				6079FE401E7F7340001FE54A /* Base */,
			);
			name = LaunchScreen.storyboard;
			sourceTree = "<group>";
		};
/* End PBXVariantGroup section */

/* Begin XCBuildConfiguration section */
		6079FE591E7F7340001FE54A /* Debug */ = {
			isa = XCBuildConfiguration;
			buildSettings = {
				ALWAYS_SEARCH_USER_PATHS = NO;
				CLANG_ANALYZER_NONNULL = YES;
				CLANG_CXX_LANGUAGE_STANDARD = "gnu++0x";
				CLANG_CXX_LIBRARY = "libc++";
				CLANG_ENABLE_MODULES = YES;
				CLANG_ENABLE_OBJC_ARC = YES;
				CLANG_WARN_BOOL_CONVERSION = YES;
				CLANG_WARN_CONSTANT_CONVERSION = YES;
				CLANG_WARN_DIRECT_OBJC_ISA_USAGE = YES_ERROR;
				CLANG_WARN_DOCUMENTATION_COMMENTS = YES;
				CLANG_WARN_EMPTY_BODY = YES;
				CLANG_WARN_ENUM_CONVERSION = YES;
				CLANG_WARN_INFINITE_RECURSION = YES;
				CLANG_WARN_INT_CONVERSION = YES;
				CLANG_WARN_OBJC_ROOT_CLASS = YES_ERROR;
				CLANG_WARN_SUSPICIOUS_MOVE = YES;
				CLANG_WARN_UNREACHABLE_CODE = YES;
				CLANG_WARN__DUPLICATE_METHOD_MATCH = YES;
				"CODE_SIGN_IDENTITY[sdk=iphoneos*]" = "iPhone Developer";
				COPY_PHASE_STRIP = NO;
				DEBUG_INFORMATION_FORMAT = dwarf;
				ENABLE_STRICT_OBJC_MSGSEND = YES;
				ENABLE_TESTABILITY = YES;
				GCC_C_LANGUAGE_STANDARD = gnu99;
				GCC_DYNAMIC_NO_PIC = NO;
				GCC_NO_COMMON_BLOCKS = YES;
				GCC_OPTIMIZATION_LEVEL = 0;
				GCC_PREPROCESSOR_DEFINITIONS = (
					"DEBUG=1",
					"$(inherited)",
				);
				GCC_WARN_64_TO_32_BIT_CONVERSION = YES;
				GCC_WARN_ABOUT_RETURN_TYPE = YES_ERROR;
				GCC_WARN_UNDECLARED_SELECTOR = YES;
				GCC_WARN_UNINITIALIZED_AUTOS = YES_AGGRESSIVE;
				GCC_WARN_UNUSED_FUNCTION = YES;
				GCC_WARN_UNUSED_VARIABLE = YES;
				IPHONEOS_DEPLOYMENT_TARGET = 10.2;
				MTL_ENABLE_DEBUG_INFO = YES;
				ONLY_ACTIVE_ARCH = YES;
				SDKROOT = iphoneos;
				SWIFT_ACTIVE_COMPILATION_CONDITIONS = DEBUG;
				SWIFT_OPTIMIZATION_LEVEL = "-Onone";
			};
			name = Debug;
		};
		6079FE5A1E7F7340001FE54A /* Release */ = {
			isa = XCBuildConfiguration;
			buildSettings = {
				ALWAYS_SEARCH_USER_PATHS = NO;
				CLANG_ANALYZER_NONNULL = YES;
				CLANG_CXX_LANGUAGE_STANDARD = "gnu++0x";
				CLANG_CXX_LIBRARY = "libc++";
				CLANG_ENABLE_MODULES = YES;
				CLANG_ENABLE_OBJC_ARC = YES;
				CLANG_WARN_BOOL_CONVERSION = YES;
				CLANG_WARN_CONSTANT_CONVERSION = YES;
				CLANG_WARN_DIRECT_OBJC_ISA_USAGE = YES_ERROR;
				CLANG_WARN_DOCUMENTATION_COMMENTS = YES;
				CLANG_WARN_EMPTY_BODY = YES;
				CLANG_WARN_ENUM_CONVERSION = YES;
				CLANG_WARN_INFINITE_RECURSION = YES;
				CLANG_WARN_INT_CONVERSION = YES;
				CLANG_WARN_OBJC_ROOT_CLASS = YES_ERROR;
				CLANG_WARN_SUSPICIOUS_MOVE = YES;
				CLANG_WARN_UNREACHABLE_CODE = YES;
				CLANG_WARN__DUPLICATE_METHOD_MATCH = YES;
				"CODE_SIGN_IDENTITY[sdk=iphoneos*]" = "iPhone Developer";
				COPY_PHASE_STRIP = NO;
				DEBUG_INFORMATION_FORMAT = "dwarf-with-dsym";
				ENABLE_NS_ASSERTIONS = NO;
				ENABLE_STRICT_OBJC_MSGSEND = YES;
				GCC_C_LANGUAGE_STANDARD = gnu99;
				GCC_NO_COMMON_BLOCKS = YES;
				GCC_WARN_64_TO_32_BIT_CONVERSION = YES;
				GCC_WARN_ABOUT_RETURN_TYPE = YES_ERROR;
				GCC_WARN_UNDECLARED_SELECTOR = YES;
				GCC_WARN_UNINITIALIZED_AUTOS = YES_AGGRESSIVE;
				GCC_WARN_UNUSED_FUNCTION = YES;
				GCC_WARN_UNUSED_VARIABLE = YES;
				IPHONEOS_DEPLOYMENT_TARGET = 10.2;
				MTL_ENABLE_DEBUG_INFO = NO;
				SDKROOT = iphoneos;
				SWIFT_OPTIMIZATION_LEVEL = "-Owholemodule";
				VALIDATE_PRODUCT = YES;
			};
			name = Release;
		};
		6079FE5C1E7F7340001FE54A /* Debug */ = {
			isa = XCBuildConfiguration;
			buildSettings = {
				ASSETCATALOG_COMPILER_APPICON_NAME = AppIcon;
				INFOPLIST_FILE = tipcalc/Info.plist;
				LD_RUNPATH_SEARCH_PATHS = "$(inherited) @executable_path/Frameworks";
				PRODUCT_BUNDLE_IDENTIFIER = com.github.lerocha.tipcalc;
				PRODUCT_NAME = "$(TARGET_NAME)";
				SWIFT_VERSION = 3.0;
			};
			name = Debug;
		};
		6079FE5D1E7F7340001FE54A /* Release */ = {
			isa = XCBuildConfiguration;
			buildSettings = {
				ASSETCATALOG_COMPILER_APPICON_NAME = AppIcon;
				INFOPLIST_FILE = tipcalc/Info.plist;
				LD_RUNPATH_SEARCH_PATHS = "$(inherited) @executable_path/Frameworks";
				PRODUCT_BUNDLE_IDENTIFIER = com.github.lerocha.tipcalc;
				PRODUCT_NAME = "$(TARGET_NAME)";
				SWIFT_VERSION = 3.0;
			};
			name = Release;
		};
		6079FE5F1E7F7340001FE54A /* Debug */ = {
			isa = XCBuildConfiguration;
			buildSettings = {
				ALWAYS_EMBED_SWIFT_STANDARD_LIBRARIES = YES;
				BUNDLE_LOADER = "$(TEST_HOST)";
				INFOPLIST_FILE = tipcalcTests/Info.plist;
				LD_RUNPATH_SEARCH_PATHS = "$(inherited) @executable_path/Frameworks @loader_path/Frameworks";
				PRODUCT_BUNDLE_IDENTIFIER = com.github.lerocha.tipcalcTests;
				PRODUCT_NAME = "$(TARGET_NAME)";
				SWIFT_VERSION = 3.0;
				TEST_HOST = "$(BUILT_PRODUCTS_DIR)/tipcalc.app/tipcalc";
			};
			name = Debug;
		};
		6079FE601E7F7340001FE54A /* Release */ = {
			isa = XCBuildConfiguration;
			buildSettings = {
				ALWAYS_EMBED_SWIFT_STANDARD_LIBRARIES = YES;
				BUNDLE_LOADER = "$(TEST_HOST)";
				INFOPLIST_FILE = tipcalcTests/Info.plist;
				LD_RUNPATH_SEARCH_PATHS = "$(inherited) @executable_path/Frameworks @loader_path/Frameworks";
				PRODUCT_BUNDLE_IDENTIFIER = com.github.lerocha.tipcalcTests;
				PRODUCT_NAME = "$(TARGET_NAME)";
				SWIFT_VERSION = 3.0;
				TEST_HOST = "$(BUILT_PRODUCTS_DIR)/tipcalc.app/tipcalc";
			};
			name = Release;
		};
		6079FE621E7F7340001FE54A /* Debug */ = {
			isa = XCBuildConfiguration;
			buildSettings = {
				ALWAYS_EMBED_SWIFT_STANDARD_LIBRARIES = YES;
				INFOPLIST_FILE = tipcalcUITests/Info.plist;
				LD_RUNPATH_SEARCH_PATHS = "$(inherited) @executable_path/Frameworks @loader_path/Frameworks";
				PRODUCT_BUNDLE_IDENTIFIER = com.github.lerocha.tipcalcUITests;
				PRODUCT_NAME = "$(TARGET_NAME)";
				SWIFT_VERSION = 3.0;
				TEST_TARGET_NAME = tipcalc;
			};
			name = Debug;
		};
		6079FE631E7F7340001FE54A /* Release */ = {
			isa = XCBuildConfiguration;
			buildSettings = {
				ALWAYS_EMBED_SWIFT_STANDARD_LIBRARIES = YES;
				INFOPLIST_FILE = tipcalcUITests/Info.plist;
				LD_RUNPATH_SEARCH_PATHS = "$(inherited) @executable_path/Frameworks @loader_path/Frameworks";
				PRODUCT_BUNDLE_IDENTIFIER = com.github.lerocha.tipcalcUITests;
				PRODUCT_NAME = "$(TARGET_NAME)";
				SWIFT_VERSION = 3.0;
				TEST_TARGET_NAME = tipcalc;
			};
			name = Release;
		};
/* End XCBuildConfiguration section */

/* Begin XCConfigurationList section */
		6079FE2E1E7F733F001FE54A /* Build configuration list for PBXProject "tipcalc" */ = {
			isa = XCConfigurationList;
			buildConfigurations = (
				6079FE591E7F7340001FE54A /* Debug */,
				6079FE5A1E7F7340001FE54A /* Release */,
			);
			defaultConfigurationIsVisible = 0;
			defaultConfigurationName = Release;
		};
		6079FE5B1E7F7340001FE54A /* Build configuration list for PBXNativeTarget "tipcalc" */ = {
			isa = XCConfigurationList;
			buildConfigurations = (
				6079FE5C1E7F7340001FE54A /* Debug */,
				6079FE5D1E7F7340001FE54A /* Release */,
			);
			defaultConfigurationIsVisible = 0;
		};
		6079FE5E1E7F7340001FE54A /* Build configuration list for PBXNativeTarget "tipcalcTests" */ = {
			isa = XCConfigurationList;
			buildConfigurations = (
				6079FE5F1E7F7340001FE54A /* Debug */,
				6079FE601E7F7340001FE54A /* Release */,
			);
			defaultConfigurationIsVisible = 0;
		};
		6079FE611E7F7340001FE54A /* Build configuration list for PBXNativeTarget "tipcalcUITests" */ = {
			isa = XCConfigurationList;
			buildConfigurations = (
				6079FE621E7F7340001FE54A /* Debug */,
				6079FE631E7F7340001FE54A /* Release */,
			);
			defaultConfigurationIsVisible = 0;
		};
/* End XCConfigurationList section */
	};
	rootObject = 6079FE2B1E7F733F001FE54A /* Project object */;
}
